
Microsoft Visual Studio Solution File, Format Version 12.00
# Visual Studio 14
VisualStudioVersion = 14.0.25123.0
MinimumVisualStudioVersion = 10.0.40219.1
Project("{00D1A9C2-B5F0-4AF3-8072-F6C62B433612}") = "DBSparta", "DBSparta\DBSparta.sqlproj", "{0BF39F7D-BF77-4388-86AC-54ECC13552B9}"
EndProject
Project("{FAE04EC0-301F-11D3-BF4B-00C04F79EFBC}") = "APISparta", "APISparta\APISparta.csproj", "{954C8939-40DE-414D-989C-C4076619C52E}"
EndProject
Project("{FAE04EC0-301F-11D3-BF4B-00C04F79EFBC}") = "APISparta.Tests", "APISparta.Tests\APISparta.Tests.csproj", "{635B4A90-FB09-445E-ABBF-89C5154B52A4}"
EndProject
Project("{FAE04EC0-301F-11D3-BF4B-00C04F79EFBC}") = "WebSparta", "WebSparta\WebSparta.csproj", "{E7A33A0D-843D-4BE7-A543-65360FD3971A}"
EndProject
Project("{FAE04EC0-301F-11D3-BF4B-00C04F79EFBC}") = "WebSparta.Tests", "WebSparta.Tests\WebSparta.Tests.csproj", "{3491245E-7200-4624-9F64-2C8E19352BE1}"
EndProject
Project("{FAE04EC0-301F-11D3-BF4B-00C04F79EFBC}") = "ThinkLogic", "ThinkLogic\ThinkLogic.csproj", "{C4D8F4B4-8929-45E8-8899-CEF7A9FC973B}"
EndProject
Global
	GlobalSection(SolutionConfigurationPlatforms) = preSolution
		Debug|Any CPU = Debug|Any CPU
		Release|Any CPU = Release|Any CPU
	EndGlobalSection
	GlobalSection(ProjectConfigurationPlatforms) = postSolution
		{0BF39F7D-BF77-4388-86AC-54ECC13552B9}.Debug|Any CPU.ActiveCfg = Debug|Any CPU
		{0BF39F7D-BF77-4388-86AC-54ECC13552B9}.Debug|Any CPU.Build.0 = Debug|Any CPU
		{0BF39F7D-BF77-4388-86AC-54ECC13552B9}.Debug|Any CPU.Deploy.0 = Debug|Any CPU
		{0BF39F7D-BF77-4388-86AC-54ECC13552B9}.Release|Any CPU.ActiveCfg = Release|Any CPU
		{0BF39F7D-BF77-4388-86AC-54ECC13552B9}.Release|Any CPU.Build.0 = Release|Any CPU
		{0BF39F7D-BF77-4388-86AC-54ECC13552B9}.Release|Any CPU.Deploy.0 = Release|Any CPU
		{954C8939-40DE-414D-989C-C4076619C52E}.Debug|Any CPU.ActiveCfg = Debug|Any CPU
		{954C8939-40DE-414D-989C-C4076619C52E}.Debug|Any CPU.Build.0 = Debug|Any CPU
		{954C8939-40DE-414D-989C-C4076619C52E}.Release|Any CPU.ActiveCfg = Release|Any CPU
		{954C8939-40DE-414D-989C-C4076619C52E}.Release|Any CPU.Build.0 = Release|Any CPU
		{635B4A90-FB09-445E-ABBF-89C5154B52A4}.Debug|Any CPU.ActiveCfg = Debug|Any CPU
		{635B4A90-FB09-445E-ABBF-89C5154B52A4}.Debug|Any CPU.Build.0 = Debug|Any CPU
		{635B4A90-FB09-445E-ABBF-89C5154B52A4}.Release|Any CPU.ActiveCfg = Release|Any CPU
		{635B4A90-FB09-445E-ABBF-89C5154B52A4}.Release|Any CPU.Build.0 = Release|Any CPU
		{E7A33A0D-843D-4BE7-A543-65360FD3971A}.Debug|Any CPU.ActiveCfg = Debug|Any CPU
		{E7A33A0D-843D-4BE7-A543-65360FD3971A}.Debug|Any CPU.Build.0 = Debug|Any CPU
		{E7A33A0D-843D-4BE7-A543-65360FD3971A}.Release|Any CPU.ActiveCfg = Release|Any CPU
		{E7A33A0D-843D-4BE7-A543-65360FD3971A}.Release|Any CPU.Build.0 = Release|Any CPU
		{3491245E-7200-4624-9F64-2C8E19352BE1}.Debug|Any CPU.ActiveCfg = Debug|Any CPU
		{3491245E-7200-4624-9F64-2C8E19352BE1}.Debug|Any CPU.Build.0 = Debug|Any CPU
		{3491245E-7200-4624-9F64-2C8E19352BE1}.Release|Any CPU.ActiveCfg = Release|Any CPU
		{3491245E-7200-4624-9F64-2C8E19352BE1}.Release|Any CPU.Build.0 = Release|Any CPU
		{C4D8F4B4-8929-45E8-8899-CEF7A9FC973B}.Debug|Any CPU.ActiveCfg = Debug|Any CPU
		{C4D8F4B4-8929-45E8-8899-CEF7A9FC973B}.Debug|Any CPU.Build.0 = Debug|Any CPU
		{C4D8F4B4-8929-45E8-8899-CEF7A9FC973B}.Release|Any CPU.ActiveCfg = Release|Any CPU
		{C4D8F4B4-8929-45E8-8899-CEF7A9FC973B}.Release|Any CPU.Build.0 = Release|Any CPU
	EndGlobalSection
	GlobalSection(SolutionProperties) = preSolution
		HideSolutionNode = FALSE
	EndGlobalSection
EndGlobal
