
Microsoft Visual Studio Solution File, Format Version 12.00
# Visual Studio 14
VisualStudioVersion = 14.0.25420.1
MinimumVisualStudioVersion = 10.0.40219.1
Project("{00D1A9C2-B5F0-4AF3-8072-F6C62B433612}") = "DBSparta", "DBSparta\DBSparta.sqlproj", "{0BF39F7D-BF77-4388-86AC-54ECC13552B9}"
EndProject
Project("{FAE04EC0-301F-11D3-BF4B-00C04F79EFBC}") = "APISparta", "APISparta\APISparta.csproj", "{954C8939-40DE-414D-989C-C4076619C52E}"
EndProject
Project("{FAE04EC0-301F-11D3-BF4B-00C04F79EFBC}") = "APISparta.Tests", "APISparta.Tests\APISparta.Tests.csproj", "{635B4A90-FB09-445E-ABBF-89C5154B52A4}"
EndProject
Project("{FAE04EC0-301F-11D3-BF4B-00C04F79EFBC}") = "ThinkLogic", "ThinkLogic\ThinkLogic.csproj", "{7F3348B5-3B79-48A4-ABC0-5602DADA1D6C}"
EndProject
Project("{FAE04EC0-301F-11D3-BF4B-00C04F79EFBC}") = "WebSparta", "WebSparta\WebSparta.csproj", "{D817C7A2-643D-4AC3-B3EB-B6F0C106172B}"
EndProject
Project("{FAE04EC0-301F-11D3-BF4B-00C04F79EFBC}") = "WebSparta.Tests", "WebSparta.Tests\WebSparta.Tests.csproj", "{37A09BA2-AE26-4CB8-8A92-33FB668FB8F1}"
EndProject
Global
	GlobalSection(SolutionConfigurationPlatforms) = preSolution
		Debug|Any CPU = Debug|Any CPU
		Release|Any CPU = Release|Any CPU
	EndGlobalSection
	GlobalSection(ProjectConfigurationPlatforms) = postSolution
		{0BF39F7D-BF77-4388-86AC-54ECC13552B9}.Debug|Any CPU.ActiveCfg = Debug|Any CPU
		{0BF39F7D-BF77-4388-86AC-54ECC13552B9}.Debug|Any CPU.Build.0 = Debug|Any CPU
		{0BF39F7D-BF77-4388-86AC-54ECC13552B9}.Debug|Any CPU.Deploy.0 = Debug|Any CPU
		{0BF39F7D-BF77-4388-86AC-54ECC13552B9}.Release|Any CPU.ActiveCfg = Release|Any CPU
		{0BF39F7D-BF77-4388-86AC-54ECC13552B9}.Release|Any CPU.Build.0 = Release|Any CPU
		{0BF39F7D-BF77-4388-86AC-54ECC13552B9}.Release|Any CPU.Deploy.0 = Release|Any CPU
		{954C8939-40DE-414D-989C-C4076619C52E}.Debug|Any CPU.ActiveCfg = Debug|Any CPU
		{954C8939-40DE-414D-989C-C4076619C52E}.Debug|Any CPU.Build.0 = Debug|Any CPU
		{954C8939-40DE-414D-989C-C4076619C52E}.Release|Any CPU.ActiveCfg = Release|Any CPU
		{954C8939-40DE-414D-989C-C4076619C52E}.Release|Any CPU.Build.0 = Release|Any CPU
		{635B4A90-FB09-445E-ABBF-89C5154B52A4}.Debug|Any CPU.ActiveCfg = Debug|Any CPU
		{635B4A90-FB09-445E-ABBF-89C5154B52A4}.Debug|Any CPU.Build.0 = Debug|Any CPU
		{635B4A90-FB09-445E-ABBF-89C5154B52A4}.Release|Any CPU.ActiveCfg = Release|Any CPU
		{635B4A90-FB09-445E-ABBF-89C5154B52A4}.Release|Any CPU.Build.0 = Release|Any CPU
		{7F3348B5-3B79-48A4-ABC0-5602DADA1D6C}.Debug|Any CPU.ActiveCfg = Debug|Any CPU
		{7F3348B5-3B79-48A4-ABC0-5602DADA1D6C}.Debug|Any CPU.Build.0 = Debug|Any CPU
		{7F3348B5-3B79-48A4-ABC0-5602DADA1D6C}.Release|Any CPU.ActiveCfg = Release|Any CPU
		{7F3348B5-3B79-48A4-ABC0-5602DADA1D6C}.Release|Any CPU.Build.0 = Release|Any CPU
		{D817C7A2-643D-4AC3-B3EB-B6F0C106172B}.Debug|Any CPU.ActiveCfg = Debug|Any CPU
		{D817C7A2-643D-4AC3-B3EB-B6F0C106172B}.Debug|Any CPU.Build.0 = Debug|Any CPU
		{D817C7A2-643D-4AC3-B3EB-B6F0C106172B}.Release|Any CPU.ActiveCfg = Release|Any CPU
		{D817C7A2-643D-4AC3-B3EB-B6F0C106172B}.Release|Any CPU.Build.0 = Release|Any CPU
		{37A09BA2-AE26-4CB8-8A92-33FB668FB8F1}.Debug|Any CPU.ActiveCfg = Debug|Any CPU
		{37A09BA2-AE26-4CB8-8A92-33FB668FB8F1}.Debug|Any CPU.Build.0 = Debug|Any CPU
		{37A09BA2-AE26-4CB8-8A92-33FB668FB8F1}.Release|Any CPU.ActiveCfg = Release|Any CPU
		{37A09BA2-AE26-4CB8-8A92-33FB668FB8F1}.Release|Any CPU.Build.0 = Release|Any CPU
	EndGlobalSection
	GlobalSection(SolutionProperties) = preSolution
		HideSolutionNode = FALSE
	EndGlobalSection
EndGlobal
